{
  "nodes": {
    "brew-src": {
      "flake": false,
      "locked": {
        "lastModified": 1789661079,
        "narHash": "sha256-geVTQ51PGZ1mLULM5k7wO7qt/6xenOR/YG8X7Q3eCaI=",
        "owner": "Homebrew",
        "repo": "brew",
        "rev": "edb70f031e4170c780799633a1226ff73e1077f4",
        "type": "github"
      },
      "original": {
        "owner": "Homebrew",
        "ref": "7.0.4",
        "repo": "brew",
        "type": "github"
      }
    },
    "caelestia-cli": {
      "inputs": {
        "caelestia-shell": "caelestia-shell",
        "nixpkgs": [
          "nixpkgs"
        ]
      },
      "locked": {
        "lastModified": 1789737046,
        "narHash": "sha256-71nGzEgBK7lZVjjKC9h1zmVlloZOmSlzn0Q4VoYo6gI=",
        "owner": "caelestia-dots",
        "repo": "cli",
        "rev": "82265df3665b40184e8bdc2165541e072c5a4971",
        "type": "github"
      },
      "original": {
        "owner": "caelestia-dots",
        "repo": "cli",
        "rev": "82265df3665b40184e8bdc2165541e072c5a4971",
        "type": "github"
      }
    },
    "caelestia-shell": {
      "inputs": {
        "caelestia-cli": [
          "caelestia-cli"
        ],
        "m3shapes": "m3shapes",
        "nixpkgs": [
          "caelestia-cli",
          "nixpkgs"
        ],
        "quickshell": "quickshell"
      },
      "locked": {
        "lastModified": 1789639698,
        "narHash": "sha256-/lIWqT2EeGJuvDMvvtIZe9Ctjv/gnCX8hZGAwohTHRg=",
        "owner": "caelestia-dots",
        "repo": "shell",
        "rev": "0895d531f7674164b0c0cc6cc2f8477645c74adf",
        "type": "github"
      },
      "original": {
        "owner": "caelestia-dots",
        "repo": "shell",
        "type": "github"
      }
    },
    "caelestia-shell_2": {
      "inputs": {
        "caelestia-cli": [
          "caelestia-cli"
        ],
        "m3shapes": "m3shapes_2",
        "nixpkgs": [
          "nixpkgs"
        ],
        "quickshell": "quickshell_2"
      },
      "locked": {
        "lastModified": 1789736975,
        "narHash": "sha256-PVYroXR/tuQdsWjp2XAqOhgY6dV2kN5nyzH4zha6ZPs=",
        "owner": "caelestia-dots",
        "repo": "shell",
        "rev": "d999d4878ee4cec134168e60d913714566a8cfa6",
        "type": "github"
      },
      "original": {
        "owner": "caelestia-dots",
        "repo": "shell",
        "rev": "d999d4878ee4cec134168e60d913714566a8cfa6",
        "type": "github"
      }
    },
    "catppuccin": {
      "inputs": {
        "nixpkgs": [
          "nixpkgs"
        ]
      },
      "locked": {
        "lastModified": 1780143400,
        "narHash": "sha256-jN9RJ4OeuLdCxZ1G0d4zqy0HuHnqODxxgN6pQoYfAH8=",
        "owner": "catppuccin",
        "repo": "nix",
        "rev": "096f4670cf078d810a931fae59b57db4cc3fb4d3",
        "type": "github"
      },
      "original": {
        "owner": "catppuccin",
        "repo": "nix",
        "rev": "096f4670cf078d810a931fae59b57db4cc3fb4d3",
        "type": "github"
      }
    },
    "claude-plugins-official": {
      "flake": false,
      "locked": {
        "lastModified": 1789758352,
        "narHash": "sha256-SkAl6Yh4vmcVE+9NJOQSbRtX6okSfZbX0Mz+JAjHTWk=",
        "owner": "anthropics",
        "repo": "claude-plugins-official",
        "rev": "c447c3207a425bc4e2a0d068435f64b0477ae981",
        "type": "github"
      },
      "original": {
        "owner": "anthropics",
        "repo": "claude-plugins-official",
        "rev": "c447c3207a425bc4e2a0d068435f64b0477ae981",
        "type": "github"
      }
    },
    "cli-proxy-api": {
      "flake": false,
      "locked": {
        "lastModified": 1790447718,
        "narHash": "sha256-y5BqPA33Y5xLXKNPkXeNnakGCPo8LJ2Q/WKFy5+M+xQ=",
        "owner": "router-for-me",
        "repo": "CLIProxyAPI",
        "rev": "6dea3dfa13a906a06f575f411d15c41ad032b595",
        "type": "github"
      },
      "original": {
        "owner": "router-for-me",
        "repo": "CLIProxyAPI",
        "rev": "6dea3dfa13a906a06f575f411d15c41ad032b595",
        "type": "github"
      }
    },
    "codex-cli-nix": {
      "inputs": {
        "flake-utils": "flake-utils",
        "nixpkgs": [
          "nixpkgs"
        ]
      },
      "locked": {
        "lastModified": 1790133537,
        "narHash": "sha256-mEFACxZFULdtR/jRByFjCiB08rK+7A5o4wmvrdyZROw=",
        "owner": "sadjow",
        "repo": "codex-cli-nix",
        "rev": "515f02b2fa319fc42075f456345a6c4e4508ebb2",
        "type": "github"
      },
      "original": {
        "owner": "sadjow",
        "repo": "codex-cli-nix",
        "type": "github"
      }
    },
    "crane": {
      "locked": {
        "lastModified": 1789760033,
        "narHash": "sha256-jtT4yxZpR8seYnlCMMWSSPlFN92zO6ICuZ8pJrmi86k=",
        "owner": "ipetkov",
        "repo": "crane",
        "rev": "73b980519cefc727a5f6cc8e5c0947a2f9be6edd",
        "type": "github"
      },
      "original": {
        "owner": "ipetkov",
        "repo": "crane",
        "type": "github"
      }
    },
    "flake-compat": {
      "flake": false,
      "locked": {
        "lastModified": 1767039857,
        "narHash": "sha256-vNpUSpF5Nuw8xvDLj2KCwwksIbjua2LZCqhV1LNRDns=",
        "owner": "NixOS",
        "repo": "flake-compat",
        "rev": "5edf11c44bc78a0d334f6334cdaf7d60d732daab",
        "type": "github"
      },
      "original": {
        "owner": "NixOS",
        "repo": "flake-compat",
        "type": "github"
      }
    },
    "flake-utils": {
      "inputs": {
        "systems": "systems"
      },
      "locked": {
        "lastModified": 1731533236,
        "narHash": "sha256-l0KFg5HjrsfsO/JpG+r7fRrqm12kzFHyUHqHCVpMMbI=",
        "owner": "numtide",
        "repo": "flake-utils",
        "rev": "11707dc2f618dd54ca8739b309ec4fc024de578b",
        "type": "github"
      },
      "original": {
        "owner": "numtide",
        "repo": "flake-utils",
        "type": "github"
      }
    },
    "flake-utils_2": {
      "inputs": {
        "systems": "systems_2"
      },
      "locked": {
        "lastModified": 1731533236,
        "narHash": "sha256-l0KFg5HjrsfsO/JpG+r7fRrqm12kzFHyUHqHCVpMMbI=",
        "owner": "numtide",
        "repo": "flake-utils",
        "rev": "11707dc2f618dd54ca8739b309ec4fc024de578b",
        "type": "github"
      },
      "original": {
        "owner": "numtide",
        "repo": "flake-utils",
        "type": "github"
      }
    },
    "hardware": {
      "inputs": {
        "nixpkgs": "nixpkgs"
      },
      "locked": {
        "lastModified": 1789978172,
        "narHash": "sha256-FIRXajv1pPZ+l6On6ekkmcQ6le0Zi0ncRUoR3nB0vKA=",
        "owner": "nixos",
        "repo": "nixos-hardware",
        "rev": "9ebcb7766700d7e006d9505247bd7ce0426f4232",
        "type": "github"
      },
      "original": {
        "owner": "nixos",
        "repo": "nixos-hardware",
        "rev": "9ebcb7766700d7e006d9505247bd7ce0426f4232",
        "type": "github"
      }
    },
    "helix-assist": {
      "flake": false,
      "locked": {
        "lastModified": 1772614478,
        "narHash": "sha256-pAbWGKV0Xu1wFSven4n32eq88fLeIbyA5imnlAFt+0c=",
        "owner": "leona",
        "repo": "helix-assist",
        "rev": "a4796433ae6d3c3b5da9484967fb209a9caea159",
        "type": "github"
      },
      "original": {
        "owner": "leona",
        "repo": "helix-assist",
        "rev": "a4796433ae6d3c3b5da9484967fb209a9caea159",
        "type": "github"
      }
    },
    "herdr-agent-quota": {
      "flake": false,
      "locked": {
        "lastModified": 1788229680,
        "narHash": "sha256-kVSUs2tNAVRKN4MN1Ywo/2hMB5UtIfkEPz3nqhY/piQ=",
        "owner": "levi-qiao",
        "repo": "herdr-agent-quota",
        "rev": "3b63f83762bc85521a68851b3432914fb6df3de0",
        "type": "github"
      },
      "original": {
        "owner": "levi-qiao",
        "repo": "herdr-agent-quota",
        "rev": "3b63f83762bc85521a68851b3432914fb6df3de0",
        "type": "github"
      }
    },
    "herdr-automatic-rename": {
      "flake": false,
      "locked": {
        "lastModified": 1790345866,
        "narHash": "sha256-I6Wol3qTRyC2GEBC84qYVS0KdcBgvRNVH340TIUEnzU=",
        "owner": "qu8n",
        "repo": "herdr-automatic-rename",
        "rev": "467d87af3113554073a9dec98064e74dfae3d809",
        "type": "github"
      },
      "original": {
        "owner": "qu8n",
        "repo": "herdr-automatic-rename",
        "rev": "467d87af3113554073a9dec98064e74dfae3d809",
        "type": "github"
      }
    },
    "herdr-bar": {
      "flake": false,
      "locked": {
        "lastModified": 1788203155,
        "narHash": "sha256-qCdSLQ89yaQ/leRYmSHq3OwwSOlvN9RWxmqy4EPlNv4=",
        "owner": "jeffarese",
        "repo": "herdr-bar",
        "rev": "b57aa342f88f9db78f3deb20629ccebf162a6f57",
        "type": "github"
      },
      "original": {
        "owner": "jeffarese",
        "repo": "herdr-bar",
        "rev": "b57aa342f88f9db78f3deb20629ccebf162a6f57",
        "type": "github"
      }
    },
    "herdr-command-palette": {
      "flake": false,
      "locked": {
        "lastModified": 1782738461,
        "narHash": "sha256-A43Dl365S/5w2wrttV1RnQ1g7YRJmsD3tb5EUUZcQQY=",
        "owner": "JanTvrdik",
        "repo": "herdr-command-palette",
        "rev": "eab940018c2135ac23718efa11e23e9dddcd2a75",
        "type": "github"
      },
      "original": {
        "owner": "JanTvrdik",
        "repo": "herdr-command-palette",
        "rev": "eab940018c2135ac23718efa11e23e9dddcd2a75",
        "type": "github"
      }
    },
    "herdr-file-viewer": {
      "flake": false,
      "locked": {
        "lastModified": 1789558359,
        "narHash": "sha256-warJjHWUZnboze2LgbfM7ZH5SiYen9L2aSBn60iBK3A=",
        "owner": "smarzban",
        "repo": "herdr-file-viewer",
        "rev": "c237626260478d5f2d788149fc741ddf3c3588ba",
        "type": "github"
      },
      "original": {
        "owner": "smarzban",
        "repo": "herdr-file-viewer",
        "rev": "c237626260478d5f2d788149fc741ddf3c3588ba",
        "type": "github"
      }
    },
    "home-manager": {
      "inputs": {
        "nixpkgs": [
          "nixpkgs"
        ]
      },
      "locked": {
        "lastModified": 1790021793,
        "narHash": "sha256-wXAdaLBAjbQK/OfESV/i0pgolkz+Uo4SbBP/MbfGLHU=",
        "owner": "nix-community",
        "repo": "home-manager",
        "rev": "a3dfb887d40d134af29fa8e924ba85a3e3a99194",
        "type": "github"
      },
      "original": {
        "owner": "nix-community",
        "repo": "home-manager",
        "rev": "a3dfb887d40d134af29fa8e924ba85a3e3a99194",
        "type": "github"
      }
    },
    "homebrew-barutsrb-tap": {
      "flake": false,
      "locked": {
        "lastModified": 1788753221,
        "narHash": "sha256-+HrnxHGLg3vGh2HzWZ+891f5QBRon5cvM7Rr9lV2kvw=",
        "owner": "BarutSRB",
        "repo": "homebrew-tap",
        "rev": "ed66148f36a9b5458d705ed15b5f36a682ed72da",
        "type": "github"
      },
      "original": {
        "owner": "BarutSRB",
        "repo": "homebrew-tap",
        "rev": "ed66148f36a9b5458d705ed15b5f36a682ed72da",
        "type": "github"
      }
    },
    "homebrew-cask": {
      "flake": false,
      "locked": {
        "lastModified": 1790077082,
        "narHash": "sha256-n8tMh4erd8E4SH0U20dtxpJ4qhWv9LiLOQJfB+UJnN0=",
        "owner": "homebrew",
        "repo": "homebrew-cask",
        "rev": "d1ab94324f90589db826815daa7c28f4dd84e920",
        "type": "github"
      },
      "original": {
        "owner": "homebrew",
        "repo": "homebrew-cask",
        "rev": "d1ab94324f90589db826815daa7c28f4dd84e920",
        "type": "github"
      }
    },
    "homebrew-core": {
      "flake": false,
      "locked": {
        "lastModified": 1790077321,
        "narHash": "sha256-SK1wMMMePXON9jfhYxAURuCFGqfndBeVZ0coQlGgDs4=",
        "owner": "homebrew",
        "repo": "homebrew-core",
        "rev": "897cf5bc7ad88de665973df7bbb1d0b1e7c37a05",
        "type": "github"
      },
      "original": {
        "owner": "homebrew",
        "repo": "homebrew-core",
        "rev": "897cf5bc7ad88de665973df7bbb1d0b1e7c37a05",
        "type": "github"
      }
    },
    "lanzaboote": {
      "inputs": {
        "crane": "crane",
        "nixpkgs": [
          "nixpkgs"
        ],
        "pre-commit": "pre-commit",
        "rust-overlay": "rust-overlay"
      },
      "locked": {
        "lastModified": 1790423250,
        "narHash": "sha256-sr4Kfp6yaXUeyKL6n0Y8/ElcR3momIRC20HFc+LF22s=",
        "owner": "nix-community",
        "repo": "lanzaboote",
        "rev": "c1c5edd31802d181c8aa2c71588995d93425d650",
        "type": "github"
      },
      "original": {
        "owner": "nix-community",
        "repo": "lanzaboote",
        "rev": "c1c5edd31802d181c8aa2c71588995d93425d650",
        "type": "github"
      }
    },
    "lazyjj-config": {
      "flake": false,
      "locked": {
        "lastModified": 1769474464,
        "narHash": "sha256-R1XXX3bAOba0tzsJblSbZjekL52izPAH8RAWLFf3EVI=",
        "owner": "LazyJJ-dev",
        "repo": "LazyJJ",
        "rev": "0acb115dbb66821995ba04bc1b3854aa52d00dde",
        "type": "github"
      },
      "original": {
        "owner": "LazyJJ-dev",
        "repo": "LazyJJ",
        "rev": "0acb115dbb66821995ba04bc1b3854aa52d00dde",
        "type": "github"
      }
    },
    "m3shapes": {
      "inputs": {
        "nixpkgs": [
          "caelestia-cli",
          "caelestia-shell",
          "nixpkgs"
        ]
      },
      "locked": {
        "lastModified": 1787906858,
        "narHash": "sha256-YZelgEZflFNwGutX4/tIzBdbOeghJgE2oDw0uWYGxns=",
        "owner": "soramanew",
        "repo": "m3shapes",
        "rev": "32ad9ce328bb77ed349b40a3be10ee9ea610b8ab",
        "type": "github"
      },
      "original": {
        "owner": "soramanew",
        "repo": "m3shapes",
        "rev": "32ad9ce328bb77ed349b40a3be10ee9ea610b8ab",
        "type": "github"
      }
    },
    "m3shapes_2": {
      "inputs": {
        "nixpkgs": [
          "caelestia-shell",
          "nixpkgs"
        ]
      },
      "locked": {
        "lastModified": 1787906858,
        "narHash": "sha256-YZelgEZflFNwGutX4/tIzBdbOeghJgE2oDw0uWYGxns=",
        "owner": "soramanew",
        "repo": "m3shapes",
        "rev": "32ad9ce328bb77ed349b40a3be10ee9ea610b8ab",
        "type": "github"
      },
      "original": {
        "owner": "soramanew",
        "repo": "m3shapes",
        "rev": "32ad9ce328bb77ed349b40a3be10ee9ea610b8ab",
        "type": "github"
      }
    },
    "nix-claude-code": {
      "inputs": {
        "nixpkgs": [
          "nixpkgs"
        ]
      },
      "locked": {
        "lastModified": 1790276512,
        "narHash": "sha256-yk+bPBJmMfAYPsYrtC/auyDsz0zde9p4Uei0N2gR9g8=",
        "owner": "ryoppippi",
        "repo": "nix-claude-code",
        "rev": "c7b0988d682aea9de2d91d76a4dab8ae3fe2ed81",
        "type": "github"
      },
      "original": {
        "owner": "ryoppippi",
        "repo": "nix-claude-code",
        "type": "github"
      }
    },
    "nix-darwin": {
      "inputs": {
        "nixpkgs": [
          "nixpkgs"
        ]
      },
      "locked": {
        "lastModified": 1786845137,
        "narHash": "sha256-oQFip+v0luP8NIxJzmiW4Wu8bILsbFWom5l0zonl8hQ=",
        "owner": "nix-darwin",
        "repo": "nix-darwin",
        "rev": "4cff07de74b50e64bdd68cd4e722ab5b6b35ee48",
        "type": "github"
      },
      "original": {
        "owner": "nix-darwin",
        "repo": "nix-darwin",
        "rev": "4cff07de74b50e64bdd68cd4e722ab5b6b35ee48",
        "type": "github"
      }
    },
    "nix-homebrew": {
      "inputs": {
        "brew-src": "brew-src"
      },
      "locked": {
        "lastModified": 1789928041,
        "narHash": "sha256-iV37ieTcE4ZLOYEe0VznW6dWMBe4lEL8AbK1vblyZGM=",
        "owner": "zhaofengli",
        "repo": "nix-homebrew",
        "rev": "c11cccfdd36dd69b5323d70d354b2853379c2426",
        "type": "github"
      },
      "original": {
        "owner": "zhaofengli",
        "repo": "nix-homebrew",
        "rev": "c11cccfdd36dd69b5323d70d354b2853379c2426",
        "type": "github"
      }
    },
    "nix-index-database": {
      "inputs": {
        "nixpkgs": [
          "nixpkgs"
        ]
      },
      "locked": {
        "lastModified": 1789892076,
        "narHash": "sha256-Dkg4VKPmDPqTwaiw2WH5br73tXoL1qrOO0xJnR4TlcA=",
        "owner": "nix-community",
        "repo": "nix-index-database",
        "rev": "9ad722673ab3b3f91f02135e53775825b240b869",
        "type": "github"
      },
      "original": {
        "owner": "nix-community",
        "repo": "nix-index-database",
        "rev": "9ad722673ab3b3f91f02135e53775825b240b869",
        "type": "github"
      }
    },
    "nixpkgs": {
      "locked": {
        "lastModified": 1789546076,
        "narHash": "sha256-vWkSk5bbfTqdtMoSgD9FshACO8JCvXTFi+3cqEp0mH0=",
        "rev": "b1b875982b17dabde9b4a37f3e229e74913e6db3",
        "type": "tarball",
        "url": "https://releases.nixos.org/nixos/unstable/nixos-26.11pre1074753.b1b875982b17/nixexprs.tar.xz"
      },
      "original": {
        "type": "tarball",
        "url": "https://channels.nixos.org/nixos-unstable/nixexprs.tar.xz"
      }
    },
    "nixpkgs_2": {
      "locked": {
        "lastModified": 1789960332,
        "narHash": "sha256-MQ5my6vvo0z2iVQcKqrysutFWvsNw3/ynNxzjJon4yc=",
        "owner": "NixOS",
        "repo": "nixpkgs",
        "rev": "35e212742ceab4ae1dcfbfd9039a39215c816e8e",
        "type": "github"
      },
      "original": {
        "owner": "NixOS",
        "repo": "nixpkgs",
        "rev": "35e212742ceab4ae1dcfbfd9039a39215c816e8e",
        "type": "github"
      }
    },
    "nixpkgs_3": {
      "locked": {
        "lastModified": 1755615617,
        "narHash": "sha256-HMwfAJBdrr8wXAkbGhtcby1zGFvs+StOp19xNsbqdOg=",
        "owner": "NixOS",
        "repo": "nixpkgs",
        "rev": "20075955deac2583bb12f07151c2df830ef346b4",
        "type": "github"
      },
      "original": {
        "owner": "NixOS",
        "ref": "nixos-unstable",
        "repo": "nixpkgs",
        "type": "github"
      }
    },
    "noctalia": {
      "inputs": {
        "nixpkgs": [
          "nixpkgs"
        ]
      },
      "locked": {
        "lastModified": 1789053136,
        "narHash": "sha256-A7ehoEnAJw4k1Qwpr/WkOkLXWZAVU970uB+sm6nBxP0=",
        "owner": "noctalia-dev",
        "repo": "noctalia-shell",
        "rev": "c7b9197af77ff22bfb9a83c52a95643a1d90ca86",
        "type": "github"
      },
      "original": {
        "owner": "noctalia-dev",
        "repo": "noctalia-shell",
        "rev": "c7b9197af77ff22bfb9a83c52a95643a1d90ca86",
        "type": "github"
      }
    },
    "openai-plugins": {
      "flake": false,
      "locked": {
        "lastModified": 1789164064,
        "narHash": "sha256-D8YX10tunL0ZDG/tV60035BwMYcggXR2bMyCSjNcr3I=",
        "owner": "openai",
        "repo": "plugins",
        "rev": "1dc195897af4161d039b80d8471ec0a10c9bbc89",
        "type": "github"
      },
      "original": {
        "owner": "openai",
        "repo": "plugins",
        "rev": "1dc195897af4161d039b80d8471ec0a10c9bbc89",
        "type": "github"
      }
    },
    "openai-skills": {
      "flake": false,
      "locked": {
        "lastModified": 1782268572,
        "narHash": "sha256-t4oGnFg0YpxJaQiFpgTiwYhaFoZK6wPDiqvHoG0bXiU=",
        "owner": "openai",
        "repo": "skills",
        "rev": "49f948faa9258a0c61caceaf225e179651397431",
        "type": "github"
      },
      "original": {
        "owner": "openai",
        "repo": "skills",
        "rev": "49f948faa9258a0c61caceaf225e179651397431",
        "type": "github"
      }
    },
    "pre-commit": {
      "inputs": {
        "flake-compat": "flake-compat",
        "nixpkgs": [
          "lanzaboote",
          "nixpkgs"
        ]
      },
      "locked": {
        "lastModified": 1789514889,
        "narHash": "sha256-PFD1nxptCXJyJoiYO1gf/5Vv43yqGpHtMC6LUhl9/pQ=",
        "owner": "cachix",
        "repo": "git-hooks.nix",
        "rev": "59f4ca0d063a1a3ec722c88b51a33004862e5379",
        "type": "github"
      },
      "original": {
        "owner": "cachix",
        "repo": "git-hooks.nix",
        "type": "github"
      }
    },
    "pyproject-build-systems": {
      "inputs": {
        "nixpkgs": [
          "serena",
          "nixpkgs"
        ],
        "pyproject-nix": [
          "serena",
          "pyproject-nix"
        ],
        "uv2nix": [
          "serena",
          "uv2nix"
        ]
      },
      "locked": {
        "lastModified": 1755484659,
        "narHash": "sha256-2FfbqsaHVQd12XFFUAinIMAuGO3853LONmva1gT3vKw=",
        "owner": "pyproject-nix",
        "repo": "build-system-pkgs",
        "rev": "9778e87c2361810ff15e287ca5895c9da4a0e900",
        "type": "github"
      },
      "original": {
        "owner": "pyproject-nix",
        "repo": "build-system-pkgs",
        "type": "github"
      }
    },
    "pyproject-nix": {
      "inputs": {
        "nixpkgs": [
          "serena",
          "nixpkgs"
        ]
      },
      "locked": {
        "lastModified": 1755886095,
        "narHash": "sha256-oMQ1YERKqiac28LB1cKjl4d0gjvK98SbGejFMfK0WGE=",
        "owner": "pyproject-nix",
        "repo": "pyproject.nix",
        "rev": "7ea903d50c20d4d3ea45ccaad7ee0d21996780c9",
        "type": "github"
      },
      "original": {
        "owner": "pyproject-nix",
        "repo": "pyproject.nix",
        "type": "github"
      }
    },
    "quickshell": {
      "inputs": {
        "nixpkgs": [
          "caelestia-cli",
          "caelestia-shell",
          "nixpkgs"
        ]
      },
      "locked": {
        "lastModified": 1787994703,
        "narHash": "sha256-6SUZyyALo19heYPa/Xmu2H4zV+wvdfVX4fTcqbgHRnI=",
        "ref": "refs/heads/master",
        "rev": "2d3b3e9c70ef380dff751b61d334dc88df016c29",
        "revCount": 856,
        "type": "git",
        "url": "https://git.outfoxxed.me/outfoxxed/quickshell"
      },
      "original": {
        "type": "git",
        "url": "https://git.outfoxxed.me/outfoxxed/quickshell"
      }
    },
    "quickshell_2": {
      "inputs": {
        "nixpkgs": [
          "caelestia-shell",
          "nixpkgs"
        ]
      },
      "locked": {
        "lastModified": 1787994703,
        "narHash": "sha256-6SUZyyALo19heYPa/Xmu2H4zV+wvdfVX4fTcqbgHRnI=",
        "ref": "refs/heads/master",
        "rev": "2d3b3e9c70ef380dff751b61d334dc88df016c29",
        "revCount": 856,
        "type": "git",
        "url": "https://git.outfoxxed.me/outfoxxed/quickshell"
      },
      "original": {
        "type": "git",
        "url": "https://git.outfoxxed.me/outfoxxed/quickshell"
      }
    },
    "root": {
      "inputs": {
        "caelestia-cli": "caelestia-cli",
        "caelestia-shell": "caelestia-shell_2",
        "catppuccin": "catppuccin",
        "claude-plugins-official": "claude-plugins-official",
        "cli-proxy-api": "cli-proxy-api",
        "codex-cli-nix": "codex-cli-nix",
        "hardware": "hardware",
        "helix-assist": "helix-assist",
        "herdr-agent-quota": "herdr-agent-quota",
        "herdr-automatic-rename": "herdr-automatic-rename",
        "herdr-bar": "herdr-bar",
        "herdr-command-palette": "herdr-command-palette",
        "herdr-file-viewer": "herdr-file-viewer",
        "home-manager": "home-manager",
        "homebrew-barutsrb-tap": "homebrew-barutsrb-tap",
        "homebrew-cask": "homebrew-cask",
        "homebrew-core": "homebrew-core",
        "lanzaboote": "lanzaboote",
        "lazyjj-config": "lazyjj-config",
        "nix-claude-code": "nix-claude-code",
        "nix-darwin": "nix-darwin",
        "nix-homebrew": "nix-homebrew",
        "nix-index-database": "nix-index-database",
        "nixpkgs": "nixpkgs_2",
        "noctalia": "noctalia",
        "openai-plugins": "openai-plugins",
        "openai-skills": "openai-skills",
        "serena": "serena",
        "superpowers": "superpowers"
      }
    },
    "rust-overlay": {
      "inputs": {
        "nixpkgs": [
          "lanzaboote",
          "nixpkgs"
        ]
      },
      "locked": {
        "lastModified": 1789889921,
        "narHash": "sha256-aL/ogiN7qZCGeNovS1f9hX73jwYIKb4Pcq6AZm57WtY=",
        "owner": "oxalica",
        "repo": "rust-overlay",
        "rev": "1fb104a12a8667045559b2575d6d448ae2fbd99b",
        "type": "github"
      },
      "original": {
        "owner": "oxalica",
        "repo": "rust-overlay",
        "type": "github"
      }
    },
    "serena": {
      "inputs": {
        "flake-utils": "flake-utils_2",
        "nixpkgs": "nixpkgs_3",
        "pyproject-build-systems": "pyproject-build-systems",
        "pyproject-nix": "pyproject-nix",
        "uv2nix": "uv2nix"
      },
      "locked": {
        "lastModified": 1786299277,
        "narHash": "sha256-IrsD4pnu/47M/O9b8H9c7K8WENGv3FihlqzCB6szBXg=",
        "owner": "oraios",
        "repo": "serena",
        "rev": "949a27ef1e5fda1a6e7b561e777bcece345c6ffd",
        "type": "github"
      },
      "original": {
        "owner": "oraios",
        "repo": "serena",
        "rev": "949a27ef1e5fda1a6e7b561e777bcece345c6ffd",
        "type": "github"
      }
    },
    "superpowers": {
      "flake": false,
      "locked": {
        "lastModified": 1789777895,
        "narHash": "sha256-rgeJhjQyABYlhlyFRmgyhbZmmmIPPNkch4CXyTkGEyM=",
        "owner": "obra",
        "repo": "superpowers",
        "rev": "5bf4e78011075bcfc0dc295f0724994cd123ee71",
        "type": "github"
      },
      "original": {
        "owner": "obra",
        "repo": "superpowers",
        "rev": "5bf4e78011075bcfc0dc295f0724994cd123ee71",
        "type": "github"
      }
    },
    "systems": {
      "locked": {
        "lastModified": 1681028828,
        "narHash": "sha256-Vy1rq5AaRuLzOxct8nz4T6wlgyUR7zLU309k9mBC768=",
        "owner": "nix-systems",
        "repo": "default",
        "rev": "da67096a3b9bf56a91d16901293e51ba5b49a27e",
        "type": "github"
      },
      "original": {
        "owner": "nix-systems",
        "repo": "default",
        "type": "github"
      }
    },
    "systems_2": {
      "locked": {
        "lastModified": 1681028828,
        "narHash": "sha256-Vy1rq5AaRuLzOxct8nz4T6wlgyUR7zLU309k9mBC768=",
        "owner": "nix-systems",
        "repo": "default",
        "rev": "da67096a3b9bf56a91d16901293e51ba5b49a27e",
        "type": "github"
      },
      "original": {
        "owner": "nix-systems",
        "repo": "default",
        "type": "github"
      }
    },
    "uv2nix": {
      "inputs": {
        "nixpkgs": [
          "serena",
          "nixpkgs"
        ],
        "pyproject-nix": [
          "serena",
          "pyproject-nix"
        ]
      },
      "locked": {
        "lastModified": 1755887980,
        "narHash": "sha256-MD1IhwuoDXQSYcQ/JfEpMxrk6pPl+aHPXSqZLOXLHks=",
        "owner": "pyproject-nix",
        "repo": "uv2nix",
        "rev": "76778b5f457e416688324d19d8f02ec5e22cbe0c",
        "type": "github"
      },
      "original": {
        "owner": "pyproject-nix",
        "repo": "uv2nix",
        "type": "github"
      }
    }
  },
  "root": "root",
  "version": 7
}
