name: Renovate flake.lock

# Renovate's custom regex manager bumps the input SHAs in flake.nix, but the
# Mend-hosted app can't run `nix flake lock` to refresh flake.lock (no nix
# binary, and postUpgradeTasks commands aren't allowlisted on the hosted app).
# This workflow does that step instead: whenever Renovate pushes a branch, it
# re-locks and commits flake.lock back onto the same branch, along with any
# vendorHash a source bump invalidated. Commits made with
# GITHUB_TOKEN don't retrigger workflows, so there's no loop.

on:
  push:
    branches:
      - "renovate/**"

permissions:
  contents: write

# A Renovate rebase force-pushes the branch; supersede any in-flight run so we
# only ever lock against the latest tree.
concurrency:
  group: renovate-lock-${{ github.ref }}
  cancel-in-progress: true

jobs:
  lock:
    runs-on: ubuntu-latest
    steps:
      - name: Checkout
        uses: actions/checkout@v7

      - name: Install Nix
        uses: DeterminateSystems/nix-installer-action@main

      - name: Re-lock flake inputs
        run: nix flake lock

      # Packages built from a source input (pkgs/*.nix) pin a vendorHash that
      # Renovate can't compute. Build each one's fetched dependencies; on a hash
      # mismatch, write the hash Nix reports back into the package file.
      - name: Refresh vendor hashes
        run: |
          for pkg in cli-proxy-api; do
            if out=$(nix build --no-link ".#packages.x86_64-linux.$pkg.goModules" 2>&1); then
              continue
            fi
            got=$(printf '%s\n' "$out" | sed -n 's/^ *got: *//p' | head -n 1)
            if [ -z "$got" ]; then
              printf '%s\n' "$out" >&2
              exit 1
            fi
            sed -i "s|vendorHash = \"sha256-[^\"]*\"|vendorHash = \"$got\"|" "pkgs/$pkg.nix"
            echo "$pkg: vendorHash -> $got"
          done

      - name: Commit flake.lock and vendor hashes if they changed
        env:
          BRANCH: ${{ github.ref_name }}
        run: |
          if git diff --quiet -- flake.lock pkgs; then
            echo "flake.lock and vendor hashes already in sync; nothing to commit."
            exit 0
          fi
          git config user.name "github-actions[bot]"
          git config user.email "41898282+github-actions[bot]@users.noreply.github.com"
          git add flake.lock pkgs
          git commit -m "build(flake): sync flake.lock and vendor hashes"
          git push origin "HEAD:$BRANCH"
